// !$*UTF8*$!
{
	archiveVersion = 1;
	classes = {
	};
	objectVersion = 55;
	objects = {

/* Begin PBXBuildFile section */
		EB0726CF285113A100DFB83E /* RecommendViewController.swift in Sources */ = {isa = PBXBuildFile; fileRef = EB0726CE285113A100DFB83E /* RecommendViewController.swift */; };
		EB0726D12851178C00DFB83E /* RequestViewController.swift in Sources */ = {isa = PBXBuildFile; fileRef = EB0726D02851178C00DFB83E /* RequestViewController.swift */; };
		EB920C572843FFDC00721C38 /* AppDelegate.swift in Sources */ = {isa = PBXBuildFile; fileRef = EB920C562843FFDC00721C38 /* AppDelegate.swift */; };
		EB920C592843FFDC00721C38 /* SceneDelegate.swift in Sources */ = {isa = PBXBuildFile; fileRef = EB920C582843FFDC00721C38 /* SceneDelegate.swift */; };
		EB920C5B2843FFDC00721C38 /* ViewController.swift in Sources */ = {isa = PBXBuildFile; fileRef = EB920C5A2843FFDC00721C38 /* ViewController.swift */; };
		EB920C5E2843FFDC00721C38 /* Main.storyboard in Resources */ = {isa = PBXBuildFile; fileRef = EB920C5C2843FFDC00721C38 /* Main.storyboard */; };
		EB920C602843FFDC00721C38 /* Assets.xcassets in Resources */ = {isa = PBXBuildFile; fileRef = EB920C5F2843FFDC00721C38 /* Assets.xcassets */; };
		EB920C632843FFDC00721C38 /* LaunchScreen.storyboard in Resources */ = {isa = PBXBuildFile; fileRef = EB920C612843FFDC00721C38 /* LaunchScreen.storyboard */; };
		EB920C7128440A2B00721C38 /* RegistrationViewController.swift in Sources */ = {isa = PBXBuildFile; fileRef = EB920C7028440A2B00721C38 /* RegistrationViewController.swift */; };
		EB920C7328440B9A00721C38 /* ForgotPasswordViewController.swift in Sources */ = {isa = PBXBuildFile; fileRef = EB920C7228440B9A00721C38 /* ForgotPasswordViewController.swift */; };
		EB920C7528440D6C00721C38 /* StartViewController.swift in Sources */ = {isa = PBXBuildFile; fileRef = EB920C7428440D6C00721C38 /* StartViewController.swift */; };
		EB920C7728440E5100721C38 /* GoogleService-Info.plist in Resources */ = {isa = PBXBuildFile; fileRef = EB920C7628440E5100721C38 /* GoogleService-Info.plist */; };
		EB920C7A28440EFB00721C38 /* FirebaseAnalytics in Frameworks */ = {isa = PBXBuildFile; productRef = EB920C7928440EFB00721C38 /* FirebaseAnalytics */; };
		EB920C7C28440EFB00721C38 /* FirebaseAuth in Frameworks */ = {isa = PBXBuildFile; productRef = EB920C7B28440EFB00721C38 /* FirebaseAuth */; };
		EB920C7E28440EFB00721C38 /* FirebaseCrashlytics in Frameworks */ = {isa = PBXBuildFile; productRef = EB920C7D28440EFB00721C38 /* FirebaseCrashlytics */; };
		EB920C8028440EFB00721C38 /* FirebaseDatabase in Frameworks */ = {isa = PBXBuildFile; productRef = EB920C7F28440EFB00721C38 /* FirebaseDatabase */; };
		EB920C8228440EFB00721C38 /* FirebaseFirestore in Frameworks */ = {isa = PBXBuildFile; productRef = EB920C8128440EFB00721C38 /* FirebaseFirestore */; };
		EB9AA10B2845453E00C4BF8B /* FloorViewController.swift in Sources */ = {isa = PBXBuildFile; fileRef = EB9AA10A2845453E00C4BF8B /* FloorViewController.swift */; };
		EBB3BC39284DAA2D00845AB5 /* wallsViewController.swift in Sources */ = {isa = PBXBuildFile; fileRef = EBB3BC38284DAA2D00845AB5 /* wallsViewController.swift */; };
		EBB3BC3B284DAA7700845AB5 /* ceilingViewController.swift in Sources */ = {isa = PBXBuildFile; fileRef = EBB3BC3A284DAA7700845AB5 /* ceilingViewController.swift */; };
		EBB3BC3D284DAAC100845AB5 /* additionallyViewController.swift in Sources */ = {isa = PBXBuildFile; fileRef = EBB3BC3C284DAAC100845AB5 /* additionallyViewController.swift */; };
/* End PBXBuildFile section */

/* Begin PBXFileReference section */
		EB0726CE285113A100DFB83E /* RecommendViewController.swift */ = {isa = PBXFileReference; lastKnownFileType = sourcecode.swift; path = RecommendViewController.swift; sourceTree = "<group>"; };
		EB0726D02851178C00DFB83E /* RequestViewController.swift */ = {isa = PBXFileReference; lastKnownFileType = sourcecode.swift; path = RequestViewController.swift; sourceTree = "<group>"; };
		EB920C532843FFDB00721C38 /* MyProject.app */ = {isa = PBXFileReference; explicitFileType = wrapper.application; includeInIndex = 0; path = MyProject.app; sourceTree = BUILT_PRODUCTS_DIR; };
		EB920C562843FFDC00721C38 /* AppDelegate.swift */ = {isa = PBXFileReference; lastKnownFileType = sourcecode.swift; path = AppDelegate.swift; sourceTree = "<group>"; };
		EB920C582843FFDC00721C38 /* SceneDelegate.swift */ = {isa = PBXFileReference; lastKnownFileType = sourcecode.swift; path = SceneDelegate.swift; sourceTree = "<group>"; };
		EB920C5A2843FFDC00721C38 /* ViewController.swift */ = {isa = PBXFileReference; lastKnownFileType = sourcecode.swift; path = ViewController.swift; sourceTree = "<group>"; };
		EB920C5D2843FFDC00721C38 /* Base */ = {isa = PBXFileReference; lastKnownFileType = file.storyboard; name = Base; path = Base.lproj/Main.storyboard; sourceTree = "<group>"; };
		EB920C5F2843FFDC00721C38 /* Assets.xcassets */ = {isa = PBXFileReference; lastKnownFileType = folder.assetcatalog; path = Assets.xcassets; sourceTree = "<group>"; };
		EB920C622843FFDC00721C38 /* Base */ = {isa = PBXFileReference; lastKnownFileType = file.storyboard; name = Base; path = Base.lproj/LaunchScreen.storyboard; sourceTree = "<group>"; };
		EB920C642843FFDC00721C38 /* Info.plist */ = {isa = PBXFileReference; lastKnownFileType = text.plist.xml; path = Info.plist; sourceTree = "<group>"; };
		EB920C7028440A2B00721C38 /* RegistrationViewController.swift */ = {isa = PBXFileReference; lastKnownFileType = sourcecode.swift; path = RegistrationViewController.swift; sourceTree = "<group>"; };
		EB920C7228440B9A00721C38 /* ForgotPasswordViewController.swift */ = {isa = PBXFileReference; lastKnownFileType = sourcecode.swift; path = ForgotPasswordViewController.swift; sourceTree = "<group>"; };
		EB920C7428440D6C00721C38 /* StartViewController.swift */ = {isa = PBXFileReference; lastKnownFileType = sourcecode.swift; path = StartViewController.swift; sourceTree = "<group>"; };
		EB920C7628440E5100721C38 /* GoogleService-Info.plist */ = {isa = PBXFileReference; fileEncoding = 4; lastKnownFileType = text.plist.xml; path = "GoogleService-Info.plist"; sourceTree = "<group>"; };
		EB9AA10A2845453E00C4BF8B /* FloorViewController.swift */ = {isa = PBXFileReference; lastKnownFileType = sourcecode.swift; path = FloorViewController.swift; sourceTree = "<group>"; };
		EBB3BC38284DAA2D00845AB5 /* wallsViewController.swift */ = {isa = PBXFileReference; lastKnownFileType = sourcecode.swift; path = wallsViewController.swift; sourceTree = "<group>"; };
		EBB3BC3A284DAA7700845AB5 /* ceilingViewController.swift */ = {isa = PBXFileReference; lastKnownFileType = sourcecode.swift; path = ceilingViewController.swift; sourceTree = "<group>"; };
		EBB3BC3C284DAAC100845AB5 /* additionallyViewController.swift */ = {isa = PBXFileReference; lastKnownFileType = sourcecode.swift; path = additionallyViewController.swift; sourceTree = "<group>"; };
/* End PBXFileReference section */

/* Begin PBXFrameworksBuildPhase section */
		EB920C502843FFDB00721C38 /* Frameworks */ = {
			isa = PBXFrameworksBuildPhase;
			buildActionMask = 2147483647;
			files = (
				EB920C7E28440EFB00721C38 /* FirebaseCrashlytics in Frameworks */,
				EB920C7A28440EFB00721C38 /* FirebaseAnalytics in Frameworks */,
				EB920C8028440EFB00721C38 /* FirebaseDatabase in Frameworks */,
				EB920C8228440EFB00721C38 /* FirebaseFirestore in Frameworks */,
				EB920C7C28440EFB00721C38 /* FirebaseAuth in Frameworks */,
			);
			runOnlyForDeploymentPostprocessing = 0;
		};
/* End PBXFrameworksBuildPhase section */

/* Begin PBXGroup section */
		EB0726CD285112C800DFB83E /* HeadController */ = {
			isa = PBXGroup;
			children = (
				EB920C7028440A2B00721C38 /* RegistrationViewController.swift */,
				EB920C7228440B9A00721C38 /* ForgotPasswordViewController.swift */,
				EB920C7428440D6C00721C38 /* StartViewController.swift */,
			);
			path = HeadController;
			sourceTree = "<group>";
		};
		EB488FA0285130F700561E34 /* OrgonizationController */ = {
			isa = PBXGroup;
			children = (
				EB920C5A2843FFDC00721C38 /* ViewController.swift */,
				EB0726CE285113A100DFB83E /* RecommendViewController.swift */,
				EB0726D02851178C00DFB83E /* RequestViewController.swift */,
			);
			path = OrgonizationController;
			sourceTree = "<group>";
		};
		EB920C4A2843FFDB00721C38 = {
			isa = PBXGroup;
			children = (
				EB920C552843FFDB00721C38 /* MyProject */,
				EB920C542843FFDB00721C38 /* Products */,
			);
			sourceTree = "<group>";
		};
		EB920C542843FFDB00721C38 /* Products */ = {
			isa = PBXGroup;
			children = (
				EB920C532843FFDB00721C38 /* MyProject.app */,
			);
			name = Products;
			sourceTree = "<group>";
		};
		EB920C552843FFDB00721C38 /* MyProject */ = {
			isa = PBXGroup;
			children = (
				EB920C6F2844084900721C38 /* Model */,
				EB920C6C284407BC00721C38 /* Controller */,
				EB920C6D284407D900721C38 /* App */,
				EB920C6E2844081900721C38 /* View */,
				EB920C5F2843FFDC00721C38 /* Assets.xcassets */,
				EB920C642843FFDC00721C38 /* Info.plist */,
				EB920C7628440E5100721C38 /* GoogleService-Info.plist */,
			);
			path = MyProject;
			sourceTree = "<group>";
		};
		EB920C6C284407BC00721C38 /* Controller */ = {
			isa = PBXGroup;
			children = (
				EB0726CD285112C800DFB83E /* HeadController */,
				EBAB1B36284E72D9002424D8 /* PriceControllers */,
				EB488FA0285130F700561E34 /* OrgonizationController */,
			);
			path = Controller;
			sourceTree = "<group>";
		};
		EB920C6D284407D900721C38 /* App */ = {
			isa = PBXGroup;
			children = (
				EB920C562843FFDC00721C38 /* AppDelegate.swift */,
				EB920C582843FFDC00721C38 /* SceneDelegate.swift */,
			);
			path = App;
			sourceTree = "<group>";
		};
		EB920C6E2844081900721C38 /* View */ = {
			isa = PBXGroup;
			children = (
				EB920C5C2843FFDC00721C38 /* Main.storyboard */,
				EB920C612843FFDC00721C38 /* LaunchScreen.storyboard */,
			);
			path = View;
			sourceTree = "<group>";
		};
		EB920C6F2844084900721C38 /* Model */ = {
			isa = PBXGroup;
			children = (
			);
			path = Model;
			sourceTree = "<group>";
		};
		EBAB1B36284E72D9002424D8 /* PriceControllers */ = {
			isa = PBXGroup;
			children = (
				EBB3BC3A284DAA7700845AB5 /* ceilingViewController.swift */,
				EBB3BC3C284DAAC100845AB5 /* additionallyViewController.swift */,
				EBB3BC38284DAA2D00845AB5 /* wallsViewController.swift */,
				EB9AA10A2845453E00C4BF8B /* FloorViewController.swift */,
			);
			path = PriceControllers;
			sourceTree = "<group>";
		};
/* End PBXGroup section */

/* Begin PBXNativeTarget section */
		EB920C522843FFDB00721C38 /* MyProject */ = {
			isa = PBXNativeTarget;
			buildConfigurationList = EB920C672843FFDC00721C38 /* Build configuration list for PBXNativeTarget "MyProject" */;
			buildPhases = (
				EB920C4F2843FFDB00721C38 /* Sources */,
				EB920C502843FFDB00721C38 /* Frameworks */,
				EB920C512843FFDB00721C38 /* Resources */,
			);
			buildRules = (
			);
			dependencies = (
			);
			name = MyProject;
			packageProductDependencies = (
				EB920C7928440EFB00721C38 /* FirebaseAnalytics */,
				EB920C7B28440EFB00721C38 /* FirebaseAuth */,
				EB920C7D28440EFB00721C38 /* FirebaseCrashlytics */,
				EB920C7F28440EFB00721C38 /* FirebaseDatabase */,
				EB920C8128440EFB00721C38 /* FirebaseFirestore */,
			);
			productName = MyProject;
			productReference = EB920C532843FFDB00721C38 /* MyProject.app */;
			productType = "com.apple.product-type.application";
		};
/* End PBXNativeTarget section */

/* Begin PBXProject section */
		EB920C4B2843FFDB00721C38 /* Project object */ = {
			isa = PBXProject;
			attributes = {
				BuildIndependentTargetsInParallel = 1;
				LastSwiftUpdateCheck = 1340;
				LastUpgradeCheck = 1340;
				TargetAttributes = {
					EB920C522843FFDB00721C38 = {
						CreatedOnToolsVersion = 13.4;
					};
				};
			};
			buildConfigurationList = EB920C4E2843FFDB00721C38 /* Build configuration list for PBXProject "MyProject" */;
			compatibilityVersion = "Xcode 13.0";
			developmentRegion = en;
			hasScannedForEncodings = 0;
			knownRegions = (
				en,
				Base,
			);
			mainGroup = EB920C4A2843FFDB00721C38;
			packageReferences = (
				EB920C7828440EFB00721C38 /* XCRemoteSwiftPackageReference "firebase-ios-sdk" */,
			);
			productRefGroup = EB920C542843FFDB00721C38 /* Products */;
			projectDirPath = "";
			projectRoot = "";
			targets = (
				EB920C522843FFDB00721C38 /* MyProject */,
			);
		};
/* End PBXProject section */

/* Begin PBXResourcesBuildPhase section */
		EB920C512843FFDB00721C38 /* Resources */ = {
			isa = PBXResourcesBuildPhase;
			buildActionMask = 2147483647;
			files = (
				EB920C632843FFDC00721C38 /* LaunchScreen.storyboard in Resources */,
				EB920C602843FFDC00721C38 /* Assets.xcassets in Resources */,
				EB920C5E2843FFDC00721C38 /* Main.storyboard in Resources */,
				EB920C7728440E5100721C38 /* GoogleService-Info.plist in Resources */,
			);
			runOnlyForDeploymentPostprocessing = 0;
		};
/* End PBXResourcesBuildPhase section */

/* Begin PBXSourcesBuildPhase section */
		EB920C4F2843FFDB00721C38 /* Sources */ = {
			isa = PBXSourcesBuildPhase;
			buildActionMask = 2147483647;
			files = (
				EB920C5B2843FFDC00721C38 /* ViewController.swift in Sources */,
				EB9AA10B2845453E00C4BF8B /* FloorViewController.swift in Sources */,
				EB0726D12851178C00DFB83E /* RequestViewController.swift in Sources */,
				EBB3BC3B284DAA7700845AB5 /* ceilingViewController.swift in Sources */,
				EB920C7328440B9A00721C38 /* ForgotPasswordViewController.swift in Sources */,
				EB920C572843FFDC00721C38 /* AppDelegate.swift in Sources */,
				EB920C7128440A2B00721C38 /* RegistrationViewController.swift in Sources */,
				EBB3BC3D284DAAC100845AB5 /* additionallyViewController.swift in Sources */,
				EB920C592843FFDC00721C38 /* SceneDelegate.swift in Sources */,
				EBB3BC39284DAA2D00845AB5 /* wallsViewController.swift in Sources */,
				EB920C7528440D6C00721C38 /* StartViewController.swift in Sources */,
				EB0726CF285113A100DFB83E /* RecommendViewController.swift in Sources */,
			);
			runOnlyForDeploymentPostprocessing = 0;
		};
/* End PBXSourcesBuildPhase section */

/* Begin PBXVariantGroup section */
		EB920C5C2843FFDC00721C38 /* Main.storyboard */ = {
			isa = PBXVariantGroup;
			children = (
				EB920C5D2843FFDC00721C38 /* Base */,
			);
			name = Main.storyboard;
			path = MyProject/View;
			sourceTree = SOURCE_ROOT;
			usesTabs = 0;
		};
		EB920C612843FFDC00721C38 /* LaunchScreen.storyboard */ = {
			isa = PBXVariantGroup;
			children = (
				EB920C622843FFDC00721C38 /* Base */,
			);
			name = LaunchScreen.storyboard;
			sourceTree = "<group>";
		};
/* End PBXVariantGroup section */

/* Begin XCBuildConfiguration section */
		EB920C652843FFDC00721C38 /* Debug */ = {
			isa = XCBuildConfiguration;
			buildSettings = {
				ALWAYS_SEARCH_USER_PATHS = NO;
				CLANG_ANALYZER_NONNULL = YES;
				CLANG_ANALYZER_NUMBER_OBJECT_CONVERSION = YES_AGGRESSIVE;
				CLANG_CXX_LANGUAGE_STANDARD = "gnu++17";
				CLANG_ENABLE_MODULES = YES;
				CLANG_ENABLE_OBJC_ARC = YES;
				CLANG_ENABLE_OBJC_WEAK = YES;
				CLANG_WARN_BLOCK_CAPTURE_AUTORELEASING = YES;
				CLANG_WARN_BOOL_CONVERSION = YES;
				CLANG_WARN_COMMA = YES;
				CLANG_WARN_CONSTANT_CONVERSION = YES;
				CLANG_WARN_DEPRECATED_OBJC_IMPLEMENTATIONS = YES;
				CLANG_WARN_DIRECT_OBJC_ISA_USAGE = YES_ERROR;
				CLANG_WARN_DOCUMENTATION_COMMENTS = YES;
				CLANG_WARN_EMPTY_BODY = YES;
				CLANG_WARN_ENUM_CONVERSION = YES;
				CLANG_WARN_INFINITE_RECURSION = YES;
				CLANG_WARN_INT_CONVERSION = YES;
				CLANG_WARN_NON_LITERAL_NULL_CONVERSION = YES;
				CLANG_WARN_OBJC_IMPLICIT_RETAIN_SELF = YES;
				CLANG_WARN_OBJC_LITERAL_CONVERSION = YES;
				CLANG_WARN_OBJC_ROOT_CLASS = YES_ERROR;
				CLANG_WARN_QUOTED_INCLUDE_IN_FRAMEWORK_HEADER = YES;
				CLANG_WARN_RANGE_LOOP_ANALYSIS = YES;
				CLANG_WARN_STRICT_PROTOTYPES = YES;
				CLANG_WARN_SUSPICIOUS_MOVE = YES;
				CLANG_WARN_UNGUARDED_AVAILABILITY = YES_AGGRESSIVE;
				CLANG_WARN_UNREACHABLE_CODE = YES;
				CLANG_WARN__DUPLICATE_METHOD_MATCH = YES;
				COPY_PHASE_STRIP = NO;
				DEBUG_INFORMATION_FORMAT = dwarf;
				ENABLE_STRICT_OBJC_MSGSEND = YES;
				ENABLE_TESTABILITY = YES;
				GCC_C_LANGUAGE_STANDARD = gnu11;
				GCC_DYNAMIC_NO_PIC = NO;
				GCC_NO_COMMON_BLOCKS = YES;
				GCC_OPTIMIZATION_LEVEL = 0;
				GCC_PREPROCESSOR_DEFINITIONS = (
					"DEBUG=1",
					"$(inherited)",
				);
				GCC_WARN_64_TO_32_BIT_CONVERSION = YES;
				GCC_WARN_ABOUT_RETURN_TYPE = YES_ERROR;
				GCC_WARN_UNDECLARED_SELECTOR = YES;
				GCC_WARN_UNINITIALIZED_AUTOS = YES_AGGRESSIVE;
				GCC_WARN_UNUSED_FUNCTION = YES;
				GCC_WARN_UNUSED_VARIABLE = YES;
				IPHONEOS_DEPLOYMENT_TARGET = 15.5;
				MTL_ENABLE_DEBUG_INFO = INCLUDE_SOURCE;
				MTL_FAST_MATH = YES;
				ONLY_ACTIVE_ARCH = YES;
				SDKROOT = iphoneos;
				SWIFT_ACTIVE_COMPILATION_CONDITIONS = DEBUG;
				SWIFT_OPTIMIZATION_LEVEL = "-Onone";
			};
			name = Debug;
		};
		EB920C662843FFDC00721C38 /* Release */ = {
			isa = XCBuildConfiguration;
			buildSettings = {
				ALWAYS_SEARCH_USER_PATHS = NO;
				CLANG_ANALYZER_NONNULL = YES;
				CLANG_ANALYZER_NUMBER_OBJECT_CONVERSION = YES_AGGRESSIVE;
				CLANG_CXX_LANGUAGE_STANDARD = "gnu++17";
				CLANG_ENABLE_MODULES = YES;
				CLANG_ENABLE_OBJC_ARC = YES;
				CLANG_ENABLE_OBJC_WEAK = YES;
				CLANG_WARN_BLOCK_CAPTURE_AUTORELEASING = YES;
				CLANG_WARN_BOOL_CONVERSION = YES;
				CLANG_WARN_COMMA = YES;
				CLANG_WARN_CONSTANT_CONVERSION = YES;
				CLANG_WARN_DEPRECATED_OBJC_IMPLEMENTATIONS = YES;
				CLANG_WARN_DIRECT_OBJC_ISA_USAGE = YES_ERROR;
				CLANG_WARN_DOCUMENTATION_COMMENTS = YES;
				CLANG_WARN_EMPTY_BODY = YES;
				CLANG_WARN_ENUM_CONVERSION = YES;
				CLANG_WARN_INFINITE_RECURSION = YES;
				CLANG_WARN_INT_CONVERSION = YES;
				CLANG_WARN_NON_LITERAL_NULL_CONVERSION = YES;
				CLANG_WARN_OBJC_IMPLICIT_RETAIN_SELF = YES;
				CLANG_WARN_OBJC_LITERAL_CONVERSION = YES;
				CLANG_WARN_OBJC_ROOT_CLASS = YES_ERROR;
				CLANG_WARN_QUOTED_INCLUDE_IN_FRAMEWORK_HEADER = YES;
				CLANG_WARN_RANGE_LOOP_ANALYSIS = YES;
				CLANG_WARN_STRICT_PROTOTYPES = YES;
				CLANG_WARN_SUSPICIOUS_MOVE = YES;
				CLANG_WARN_UNGUARDED_AVAILABILITY = YES_AGGRESSIVE;
				CLANG_WARN_UNREACHABLE_CODE = YES;
				CLANG_WARN__DUPLICATE_METHOD_MATCH = YES;
				COPY_PHASE_STRIP = NO;
				DEBUG_INFORMATION_FORMAT = "dwarf-with-dsym";
				ENABLE_NS_ASSERTIONS = NO;
				ENABLE_STRICT_OBJC_MSGSEND = YES;
				GCC_C_LANGUAGE_STANDARD = gnu11;
				GCC_NO_COMMON_BLOCKS = YES;
				GCC_WARN_64_TO_32_BIT_CONVERSION = YES;
				GCC_WARN_ABOUT_RETURN_TYPE = YES_ERROR;
				GCC_WARN_UNDECLARED_SELECTOR = YES;
				GCC_WARN_UNINITIALIZED_AUTOS = YES_AGGRESSIVE;
				GCC_WARN_UNUSED_FUNCTION = YES;
				GCC_WARN_UNUSED_VARIABLE = YES;
				IPHONEOS_DEPLOYMENT_TARGET = 15.5;
				MTL_ENABLE_DEBUG_INFO = NO;
				MTL_FAST_MATH = YES;
				SDKROOT = iphoneos;
				SWIFT_COMPILATION_MODE = wholemodule;
				SWIFT_OPTIMIZATION_LEVEL = "-O";
				VALIDATE_PRODUCT = YES;
			};
			name = Release;
		};
		EB920C682843FFDC00721C38 /* Debug */ = {
			isa = XCBuildConfiguration;
			buildSettings = {
				ASSETCATALOG_COMPILER_APPICON_NAME = AppIcon;
				ASSETCATALOG_COMPILER_GLOBAL_ACCENT_COLOR_NAME = AccentColor;
				CODE_SIGN_STYLE = Automatic;
				CURRENT_PROJECT_VERSION = 1;
				DEVELOPMENT_TEAM = 6Z9WLHL789;
				GENERATE_INFOPLIST_FILE = YES;
				INFOPLIST_FILE = MyProject/Info.plist;
				INFOPLIST_KEY_UIApplicationSupportsIndirectInputEvents = YES;
				INFOPLIST_KEY_UILaunchStoryboardName = LaunchScreen;
				INFOPLIST_KEY_UIMainStoryboardFile = Main;
				INFOPLIST_KEY_UISupportedInterfaceOrientations_iPad = "UIInterfaceOrientationPortrait UIInterfaceOrientationPortraitUpsideDown UIInterfaceOrientationLandscapeLeft UIInterfaceOrientationLandscapeRight";
				INFOPLIST_KEY_UISupportedInterfaceOrientations_iPhone = "UIInterfaceOrientationPortrait UIInterfaceOrientationLandscapeLeft UIInterfaceOrientationLandscapeRight";
				LD_RUNPATH_SEARCH_PATHS = (
					"$(inherited)",
					"@executable_path/Frameworks",
				);
				MARKETING_VERSION = 1.0;
				PRODUCT_BUNDLE_IDENTIFIER = "ru.mail.Max-kolbasa.MyProject";
				PRODUCT_NAME = "$(TARGET_NAME)";
				SWIFT_EMIT_LOC_STRINGS = YES;
				SWIFT_VERSION = 5.0;
				TARGETED_DEVICE_FAMILY = "1,2";
			};
			name = Debug;
		};
		EB920C692843FFDC00721C38 /* Release */ = {
			isa = XCBuildConfiguration;
			buildSettings = {
				ASSETCATALOG_COMPILER_APPICON_NAME = AppIcon;
				ASSETCATALOG_COMPILER_GLOBAL_ACCENT_COLOR_NAME = AccentColor;
				CODE_SIGN_STYLE = Automatic;
				CURRENT_PROJECT_VERSION = 1;
				DEVELOPMENT_TEAM = 6Z9WLHL789;
				GENERATE_INFOPLIST_FILE = YES;
				INFOPLIST_FILE = MyProject/Info.plist;
				INFOPLIST_KEY_UIApplicationSupportsIndirectInputEvents = YES;
				INFOPLIST_KEY_UILaunchStoryboardName = LaunchScreen;
				INFOPLIST_KEY_UIMainStoryboardFile = Main;
				INFOPLIST_KEY_UISupportedInterfaceOrientations_iPad = "UIInterfaceOrientationPortrait UIInterfaceOrientationPortraitUpsideDown UIInterfaceOrientationLandscapeLeft UIInterfaceOrientationLandscapeRight";
				INFOPLIST_KEY_UISupportedInterfaceOrientations_iPhone = "UIInterfaceOrientationPortrait UIInterfaceOrientationLandscapeLeft UIInterfaceOrientationLandscapeRight";
				LD_RUNPATH_SEARCH_PATHS = (
					"$(inherited)",
					"@executable_path/Frameworks",
				);
				MARKETING_VERSION = 1.0;
				PRODUCT_BUNDLE_IDENTIFIER = "ru.mail.Max-kolbasa.MyProject";
				PRODUCT_NAME = "$(TARGET_NAME)";
				SWIFT_EMIT_LOC_STRINGS = YES;
				SWIFT_VERSION = 5.0;
				TARGETED_DEVICE_FAMILY = "1,2";
			};
			name = Release;
		};
/* End XCBuildConfiguration section */

/* Begin XCConfigurationList section */
		EB920C4E2843FFDB00721C38 /* Build configuration list for PBXProject "MyProject" */ = {
			isa = XCConfigurationList;
			buildConfigurations = (
				EB920C652843FFDC00721C38 /* Debug */,
				EB920C662843FFDC00721C38 /* Release */,
			);
			defaultConfigurationIsVisible = 0;
			defaultConfigurationName = Release;
		};
		EB920C672843FFDC00721C38 /* Build configuration list for PBXNativeTarget "MyProject" */ = {
			isa = XCConfigurationList;
			buildConfigurations = (
				EB920C682843FFDC00721C38 /* Debug */,
				EB920C692843FFDC00721C38 /* Release */,
			);
			defaultConfigurationIsVisible = 0;
			defaultConfigurationName = Release;
		};
/* End XCConfigurationList section */

/* Begin XCRemoteSwiftPackageReference section */
		EB920C7828440EFB00721C38 /* XCRemoteSwiftPackageReference "firebase-ios-sdk" */ = {
			isa = XCRemoteSwiftPackageReference;
			repositoryURL = "https://github.com/firebase/firebase-ios-sdk";
			requirement = {
				kind = upToNextMajorVersion;
				minimumVersion = 9.0.0;
			};
		};
/* End XCRemoteSwiftPackageReference section */

/* Begin XCSwiftPackageProductDependency section */
		EB920C7928440EFB00721C38 /* FirebaseAnalytics */ = {
			isa = XCSwiftPackageProductDependency;
			package = EB920C7828440EFB00721C38 /* XCRemoteSwiftPackageReference "firebase-ios-sdk" */;
			productName = FirebaseAnalytics;
		};
		EB920C7B28440EFB00721C38 /* FirebaseAuth */ = {
			isa = XCSwiftPackageProductDependency;
			package = EB920C7828440EFB00721C38 /* XCRemoteSwiftPackageReference "firebase-ios-sdk" */;
			productName = FirebaseAuth;
		};
		EB920C7D28440EFB00721C38 /* FirebaseCrashlytics */ = {
			isa = XCSwiftPackageProductDependency;
			package = EB920C7828440EFB00721C38 /* XCRemoteSwiftPackageReference "firebase-ios-sdk" */;
			productName = FirebaseCrashlytics;
		};
		EB920C7F28440EFB00721C38 /* FirebaseDatabase */ = {
			isa = XCSwiftPackageProductDependency;
			package = EB920C7828440EFB00721C38 /* XCRemoteSwiftPackageReference "firebase-ios-sdk" */;
			productName = FirebaseDatabase;
		};
		EB920C8128440EFB00721C38 /* FirebaseFirestore */ = {
			isa = XCSwiftPackageProductDependency;
			package = EB920C7828440EFB00721C38 /* XCRemoteSwiftPackageReference "firebase-ios-sdk" */;
			productName = FirebaseFirestore;
		};
/* End XCSwiftPackageProductDependency section */
	};
	rootObject = EB920C4B2843FFDB00721C38 /* Project object */;
}
